// !$*UTF8*$!
{
	archiveVersion = 1;
	classes = {
	};
	objectVersion = 46;
	objects = {

/* Begin PBXBuildFile section */
		8E3D45C71DCE419600BEB63F /* AppDelegate.swift in Sources */ = {isa = PBXBuildFile; fileRef = 8E3D45C61DCE419600BEB63F /* AppDelegate.swift */; };
		8E3D45C91DCE419600BEB63F /* ViewController.swift in Sources */ = {isa = PBXBuildFile; fileRef = 8E3D45C81DCE419600BEB63F /* ViewController.swift */; };
		8E3D45CC1DCE419600BEB63F /* Main.storyboard in Resources */ = {isa = PBXBuildFile; fileRef = 8E3D45CA1DCE419600BEB63F /* Main.storyboard */; };
		8E3D45CF1DCE419600BEB63F /* BurstImage.xcdatamodeld in Sources */ = {isa = PBXBuildFile; fileRef = 8E3D45CD1DCE419600BEB63F /* BurstImage.xcdatamodeld */; };
		8E3D45D11DCE419600BEB63F /* Assets.xcassets in Resources */ = {isa = PBXBuildFile; fileRef = 8E3D45D01DCE419600BEB63F /* Assets.xcassets */; };
		8E3D45D41DCE419600BEB63F /* LaunchScreen.storyboard in Resources */ = {isa = PBXBuildFile; fileRef = 8E3D45D21DCE419600BEB63F /* LaunchScreen.storyboard */; };
		8E3D45DC1DCE42D200BEB63F /* MainViewController.swift in Sources */ = {isa = PBXBuildFile; fileRef = 8E3D45DB1DCE42D200BEB63F /* MainViewController.swift */; };
		8E3D45DE1DCE525E00BEB63F /* KeychainSwiftDistrib.swift in Sources */ = {isa = PBXBuildFile; fileRef = 8E3D45DD1DCE525E00BEB63F /* KeychainSwiftDistrib.swift */; };
		8E3D45E01DCE58AE00BEB63F /* PreviewViewController.swift in Sources */ = {isa = PBXBuildFile; fileRef = 8E3D45DF1DCE58AE00BEB63F /* PreviewViewController.swift */; };
/* End PBXBuildFile section */

/* Begin PBXFileReference section */
		8E3D45C31DCE419600BEB63F /* BurstImage.app */ = {isa = PBXFileReference; explicitFileType = wrapper.application; includeInIndex = 0; path = BurstImage.app; sourceTree = BUILT_PRODUCTS_DIR; };
		8E3D45C61DCE419600BEB63F /* AppDelegate.swift */ = {isa = PBXFileReference; lastKnownFileType = sourcecode.swift; path = AppDelegate.swift; sourceTree = "<group>"; };
		8E3D45C81DCE419600BEB63F /* ViewController.swift */ = {isa = PBXFileReference; lastKnownFileType = sourcecode.swift; path = ViewController.swift; sourceTree = "<group>"; };
		8E3D45CB1DCE419600BEB63F /* Base */ = {isa = PBXFileReference; lastKnownFileType = file.storyboard; name = Base; path = Base.lproj/Main.storyboard; sourceTree = "<group>"; };
		8E3D45CE1DCE419600BEB63F /* BurstImage.xcdatamodel */ = {isa = PBXFileReference; lastKnownFileType = wrapper.xcdatamodel; path = BurstImage.xcdatamodel; sourceTree = "<group>"; };
		8E3D45D01DCE419600BEB63F /* Assets.xcassets */ = {isa = PBXFileReference; lastKnownFileType = folder.assetcatalog; path = Assets.xcassets; sourceTree = "<group>"; };
		8E3D45D31DCE419600BEB63F /* Base */ = {isa = PBXFileReference; lastKnownFileType = file.storyboard; name = Base; path = Base.lproj/LaunchScreen.storyboard; sourceTree = "<group>"; };
		8E3D45D51DCE419600BEB63F /* Info.plist */ = {isa = PBXFileReference; lastKnownFileType = text.plist.xml; path = Info.plist; sourceTree = "<group>"; };
		8E3D45DB1DCE42D200BEB63F /* MainViewController.swift */ = {isa = PBXFileReference; fileEncoding = 4; lastKnownFileType = sourcecode.swift; name = MainViewController.swift; path = ../MainViewController.swift; sourceTree = "<group>"; };
		8E3D45DD1DCE525E00BEB63F /* KeychainSwiftDistrib.swift */ = {isa = PBXFileReference; fileEncoding = 4; lastKnownFileType = sourcecode.swift; path = KeychainSwiftDistrib.swift; sourceTree = "<group>"; };
		8E3D45DF1DCE58AE00BEB63F /* PreviewViewController.swift */ = {isa = PBXFileReference; fileEncoding = 4; lastKnownFileType = sourcecode.swift; path = PreviewViewController.swift; sourceTree = "<group>"; };
/* End PBXFileReference section */

/* Begin PBXFrameworksBuildPhase section */
		8E3D45C01DCE419600BEB63F /* Frameworks */ = {
			isa = PBXFrameworksBuildPhase;
			buildActionMask = 2147483647;
			files = (
			);
			runOnlyForDeploymentPostprocessing = 0;
		};
/* End PBXFrameworksBuildPhase section */

/* Begin PBXGroup section */
		8E3D45BA1DCE419600BEB63F = {
			isa = PBXGroup;
			children = (
				8E3D45C51DCE419600BEB63F /* BurstImage */,
				8E3D45C41DCE419600BEB63F /* Products */,
			);
			sourceTree = "<group>";
		};
		8E3D45C41DCE419600BEB63F /* Products */ = {
			isa = PBXGroup;
			children = (
				8E3D45C31DCE419600BEB63F /* BurstImage.app */,
			);
			name = Products;
			sourceTree = "<group>";
		};
		8E3D45C51DCE419600BEB63F /* BurstImage */ = {
			isa = PBXGroup;
			children = (
				8E3D45C61DCE419600BEB63F /* AppDelegate.swift */,
				8E3D45DB1DCE42D200BEB63F /* MainViewController.swift */,
				8E3D45DD1DCE525E00BEB63F /* KeychainSwiftDistrib.swift */,
				8E3D45C81DCE419600BEB63F /* ViewController.swift */,
				8E3D45CA1DCE419600BEB63F /* Main.storyboard */,
				8E3D45DF1DCE58AE00BEB63F /* PreviewViewController.swift */,
				8E3D45D01DCE419600BEB63F /* Assets.xcassets */,
				8E3D45D21DCE419600BEB63F /* LaunchScreen.storyboard */,
				8E3D45D51DCE419600BEB63F /* Info.plist */,
				8E3D45CD1DCE419600BEB63F /* BurstImage.xcdatamodeld */,
			);
			path = BurstImage;
			sourceTree = "<group>";
		};
/* End PBXGroup section */

/* Begin PBXNativeTarget section */
		8E3D45C21DCE419600BEB63F /* BurstImage */ = {
			isa = PBXNativeTarget;
			buildConfigurationList = 8E3D45D81DCE419600BEB63F /* Build configuration list for PBXNativeTarget "BurstImage" */;
			buildPhases = (
				8E3D45BF1DCE419600BEB63F /* Sources */,
				8E3D45C01DCE419600BEB63F /* Frameworks */,
				8E3D45C11DCE419600BEB63F /* Resources */,
			);
			buildRules = (
			);
			dependencies = (
			);
			name = BurstImage;
			productName = BurstImage;
			productReference = 8E3D45C31DCE419600BEB63F /* BurstImage.app */;
			productType = "com.apple.product-type.application";
		};
/* End PBXNativeTarget section */

/* Begin PBXProject section */
		8E3D45BB1DCE419600BEB63F /* Project object */ = {
			isa = PBXProject;
			attributes = {
				LastSwiftUpdateCheck = 0800;
				LastUpgradeCheck = 0800;
				ORGANIZATIONNAME = "Pawan Sidhani";
				TargetAttributes = {
					8E3D45C21DCE419600BEB63F = {
						CreatedOnToolsVersion = 8.0;
						DevelopmentTeam = HUY8C87B5X;
						ProvisioningStyle = Automatic;
					};
				};
			};
			buildConfigurationList = 8E3D45BE1DCE419600BEB63F /* Build configuration list for PBXProject "BurstImage" */;
			compatibilityVersion = "Xcode 3.2";
			developmentRegion = English;
			hasScannedForEncodings = 0;
			knownRegions = (
				en,
				Base,
			);
			mainGroup = 8E3D45BA1DCE419600BEB63F;
			productRefGroup = 8E3D45C41DCE419600BEB63F /* Products */;
			projectDirPath = "";
			projectRoot = "";
			targets = (
				8E3D45C21DCE419600BEB63F /* BurstImage */,
			);
		};
/* End PBXProject section */

/* Begin PBXResourcesBuildPhase section */
		8E3D45C11DCE419600BEB63F /* Resources */ = {
			isa = PBXResourcesBuildPhase;
			buildActionMask = 2147483647;
			files = (
				8E3D45D41DCE419600BEB63F /* LaunchScreen.storyboard in Resources */,
				8E3D45D11DCE419600BEB63F /* Assets.xcassets in Resources */,
				8E3D45CC1DCE419600BEB63F /* Main.storyboard in Resources */,
			);
			runOnlyForDeploymentPostprocessing = 0;
		};
/* End PBXResourcesBuildPhase section */

/* Begin PBXSourcesBuildPhase section */
		8E3D45BF1DCE419600BEB63F /* Sources */ = {
			isa = PBXSourcesBuildPhase;
			buildActionMask = 2147483647;
			files = (
				8E3D45DE1DCE525E00BEB63F /* KeychainSwiftDistrib.swift in Sources */,
				8E3D45CF1DCE419600BEB63F /* BurstImage.xcdatamodeld in Sources */,
				8E3D45C91DCE419600BEB63F /* ViewController.swift in Sources */,
				8E3D45C71DCE419600BEB63F /* AppDelegate.swift in Sources */,
				8E3D45DC1DCE42D200BEB63F /* MainViewController.swift in Sources */,
				8E3D45E01DCE58AE00BEB63F /* PreviewViewController.swift in Sources */,
			);
			runOnlyForDeploymentPostprocessing = 0;
		};
/* End PBXSourcesBuildPhase section */

/* Begin PBXVariantGroup section */
		8E3D45CA1DCE419600BEB63F /* Main.storyboard */ = {
			isa = PBXVariantGroup;
			children = (
				8E3D45CB1DCE419600BEB63F /* Base */,
			);
			name = Main.storyboard;
			sourceTree = "<group>";
		};
		8E3D45D21DCE419600BEB63F /* LaunchScreen.storyboard */ = {
			isa = PBXVariantGroup;
			children = (
				8E3D45D31DCE419600BEB63F /* Base */,
			);
			name = LaunchScreen.storyboard;
			sourceTree = "<group>";
		};
/* End PBXVariantGroup section */

/* Begin XCBuildConfiguration section */
		8E3D45D61DCE419600BEB63F /* Debug */ = {
			isa = XCBuildConfiguration;
			buildSettings = {
				ALWAYS_SEARCH_USER_PATHS = NO;
				CLANG_ANALYZER_NONNULL = YES;
				CLANG_CXX_LANGUAGE_STANDARD = "gnu++0x";
				CLANG_CXX_LIBRARY = "libc++";
				CLANG_ENABLE_MODULES = YES;
				CLANG_ENABLE_OBJC_ARC = YES;
				CLANG_WARN_BOOL_CONVERSION = YES;
				CLANG_WARN_CONSTANT_CONVERSION = YES;
				CLANG_WARN_DIRECT_OBJC_ISA_USAGE = YES_ERROR;
				CLANG_WARN_DOCUMENTATION_COMMENTS = YES;
				CLANG_WARN_EMPTY_BODY = YES;
				CLANG_WARN_ENUM_CONVERSION = YES;
				CLANG_WARN_INFINITE_RECURSION = YES;
				CLANG_WARN_INT_CONVERSION = YES;
				CLANG_WARN_OBJC_ROOT_CLASS = YES_ERROR;
				CLANG_WARN_SUSPICIOUS_MOVES = YES;
				CLANG_WARN_UNREACHABLE_CODE = YES;
				CLANG_WARN__DUPLICATE_METHOD_MATCH = YES;
				"CODE_SIGN_IDENTITY[sdk=iphoneos*]" = "iPhone Developer";
				COPY_PHASE_STRIP = NO;
				DEBUG_INFORMATION_FORMAT = dwarf;
				ENABLE_STRICT_OBJC_MSGSEND = YES;
				ENABLE_TESTABILITY = YES;
				GCC_C_LANGUAGE_STANDARD = gnu99;
				GCC_DYNAMIC_NO_PIC = NO;
				GCC_NO_COMMON_BLOCKS = YES;
				GCC_OPTIMIZATION_LEVEL = 0;
				GCC_PREPROCESSOR_DEFINITIONS = (
					"DEBUG=1",
					"$(inherited)",
				);
				GCC_WARN_64_TO_32_BIT_CONVERSION = YES;
				GCC_WARN_ABOUT_RETURN_TYPE = YES_ERROR;
				GCC_WARN_UNDECLARED_SELECTOR = YES;
				GCC_WARN_UNINITIALIZED_AUTOS = YES_AGGRESSIVE;
				GCC_WARN_UNUSED_FUNCTION = YES;
				GCC_WARN_UNUSED_VARIABLE = YES;
				IPHONEOS_DEPLOYMENT_TARGET = 10.0;
				MTL_ENABLE_DEBUG_INFO = YES;
				ONLY_ACTIVE_ARCH = YES;
				SDKROOT = iphoneos;
				SWIFT_ACTIVE_COMPILATION_CONDITIONS = DEBUG;
				SWIFT_OPTIMIZATION_LEVEL = "-Onone";
				TARGETED_DEVICE_FAMILY = "1,2";
			};
			name = Debug;
		};
		8E3D45D71DCE419600BEB63F /* Release */ = {
			isa = XCBuildConfiguration;
			buildSettings = {
				ALWAYS_SEARCH_USER_PATHS = NO;
				CLANG_ANALYZER_NONNULL = YES;
				CLANG_CXX_LANGUAGE_STANDARD = "gnu++0x";
				CLANG_CXX_LIBRARY = "libc++";
				CLANG_ENABLE_MODULES = YES;
				CLANG_ENABLE_OBJC_ARC = YES;
				CLANG_WARN_BOOL_CONVERSION = YES;
				CLANG_WARN_CONSTANT_CONVERSION = YES;
				CLANG_WARN_DIRECT_OBJC_ISA_USAGE = YES_ERROR;
				CLANG_WARN_DOCUMENTATION_COMMENTS = YES;
				CLANG_WARN_EMPTY_BODY = YES;
				CLANG_WARN_ENUM_CONVERSION = YES;
				CLANG_WARN_INFINITE_RECURSION = YES;
				CLANG_WARN_INT_CONVERSION = YES;
				CLANG_WARN_OBJC_ROOT_CLASS = YES_ERROR;
				CLANG_WARN_SUSPICIOUS_MOVES = YES;
				CLANG_WARN_UNREACHABLE_CODE = YES;
				CLANG_WARN__DUPLICATE_METHOD_MATCH = YES;
				"CODE_SIGN_IDENTITY[sdk=iphoneos*]" = "iPhone Developer";
				COPY_PHASE_STRIP = NO;
				DEBUG_INFORMATION_FORMAT = "dwarf-with-dsym";
				ENABLE_NS_ASSERTIONS = NO;
				ENABLE_STRICT_OBJC_MSGSEND = YES;
				GCC_C_LANGUAGE_STANDARD = gnu99;
				GCC_NO_COMMON_BLOCKS = YES;
				GCC_WARN_64_TO_32_BIT_CONVERSION = YES;
				GCC_WARN_ABOUT_RETURN_TYPE = YES_ERROR;
				GCC_WARN_UNDECLARED_SELECTOR = YES;
				GCC_WARN_UNINITIALIZED_AUTOS = YES_AGGRESSIVE;
				GCC_WARN_UNUSED_FUNCTION = YES;
				GCC_WARN_UNUSED_VARIABLE = YES;
				IPHONEOS_DEPLOYMENT_TARGET = 10.0;
				MTL_ENABLE_DEBUG_INFO = NO;
				SDKROOT = iphoneos;
				SWIFT_OPTIMIZATION_LEVEL = "-Owholemodule";
				TARGETED_DEVICE_FAMILY = "1,2";
				VALIDATE_PRODUCT = YES;
			};
			name = Release;
		};
		8E3D45D91DCE419600BEB63F /* Debug */ = {
			isa = XCBuildConfiguration;
			buildSettings = {
				ASSETCATALOG_COMPILER_APPICON_NAME = AppIcon;
				DEVELOPMENT_TEAM = HUY8C87B5X;
				INFOPLIST_FILE = BurstImage/Info.plist;
				LD_RUNPATH_SEARCH_PATHS = "$(inherited) @executable_path/Frameworks";
				PRODUCT_BUNDLE_IDENTIFIER = com.unifyTest.BurstImage;
				PRODUCT_NAME = "$(TARGET_NAME)";
				SWIFT_VERSION = 3.0;
			};
			name = Debug;
		};
		8E3D45DA1DCE419600BEB63F /* Release */ = {
			isa = XCBuildConfiguration;
			buildSettings = {
				ASSETCATALOG_COMPILER_APPICON_NAME = AppIcon;
				DEVELOPMENT_TEAM = HUY8C87B5X;
				INFOPLIST_FILE = BurstImage/Info.plist;
				LD_RUNPATH_SEARCH_PATHS = "$(inherited) @executable_path/Frameworks";
				PRODUCT_BUNDLE_IDENTIFIER = com.unifyTest.BurstImage;
				PRODUCT_NAME = "$(TARGET_NAME)";
				SWIFT_VERSION = 3.0;
			};
			name = Release;
		};
/* End XCBuildConfiguration section */

/* Begin XCConfigurationList section */
		8E3D45BE1DCE419600BEB63F /* Build configuration list for PBXProject "BurstImage" */ = {
			isa = XCConfigurationList;
			buildConfigurations = (
				8E3D45D61DCE419600BEB63F /* Debug */,
				8E3D45D71DCE419600BEB63F /* Release */,
			);
			defaultConfigurationIsVisible = 0;
			defaultConfigurationName = Release;
		};
		8E3D45D81DCE419600BEB63F /* Build configuration list for PBXNativeTarget "BurstImage" */ = {
			isa = XCConfigurationList;
			buildConfigurations = (
				8E3D45D91DCE419600BEB63F /* Debug */,
				8E3D45DA1DCE419600BEB63F /* Release */,
			);
			defaultConfigurationIsVisible = 0;
		};
/* End XCConfigurationList section */

/* Begin XCVersionGroup section */
		8E3D45CD1DCE419600BEB63F /* BurstImage.xcdatamodeld */ = {
			isa = XCVersionGroup;
			children = (
				8E3D45CE1DCE419600BEB63F /* BurstImage.xcdatamodel */,
			);
			currentVersion = 8E3D45CE1DCE419600BEB63F /* BurstImage.xcdatamodel */;
			path = BurstImage.xcdatamodeld;
			sourceTree = "<group>";
			versionGroupType = wrapper.xcdatamodel;
		};
/* End XCVersionGroup section */
	};
	rootObject = 8E3D45BB1DCE419600BEB63F /* Project object */;
}
